
Microsoft Visual Studio Solution File, Format Version 12.00
# Visual Studio Version 16
VisualStudioVersion = 16.0.29806.167
MinimumVisualStudioVersion = 10.0.40219.1
Project("{9A19103F-16F7-4668-BE54-9A1E7A4F7556}") = "ConsoleUi", "src\Presentation\ConsoleUi\ConsoleUi.csproj", "{B136CEBE-5378-4E74-8C92-1669D9DA19C5}"
EndProject
Project("{2150E333-8FDC-42A3-9474-1A3956D46DE8}") = "src", "src", "{8950025B-4BA0-4902-ACAA-1765635EB8BC}"
EndProject
Project("{2150E333-8FDC-42A3-9474-1A3956D46DE8}") = "Core", "Core", "{FD7824C8-035A-40E7-AE01-A8B076EFF1BC}"
EndProject
Project("{2150E333-8FDC-42A3-9474-1A3956D46DE8}") = "Presentation", "Presentation", "{DCD4C310-68CB-4C4C-A63B-188107926262}"
EndProject
Project("{2150E333-8FDC-42A3-9474-1A3956D46DE8}") = "Infra", "Infra", "{5CF71F30-526F-4E52-B920-CC5A381CA1F8}"
EndProject
Project("{9A19103F-16F7-4668-BE54-9A1E7A4F7556}") = "Application", "src\Application\Application.csproj", "{20D8D923-0D72-4BA3-BEA7-BDA0674797AC}"
EndProject
Project("{FAE04EC0-301F-11D3-BF4B-00C04F79EFBC}") = "Infrastructure", "Infrastructure\Infrastructure.csproj", "{CD13137F-755F-4E54-B173-2DFFA010E43B}"
EndProject
Project("{FAE04EC0-301F-11D3-BF4B-00C04F79EFBC}") = "Domain", "src\Domain\Domain.csproj", "{25B1FC91-4988-4F40-9935-36FBC0F0A74A}"
EndProject
Global
	GlobalSection(SolutionConfigurationPlatforms) = preSolution
		Debug|Any CPU = Debug|Any CPU
		Release|Any CPU = Release|Any CPU
	EndGlobalSection
	GlobalSection(ProjectConfigurationPlatforms) = postSolution
		{B136CEBE-5378-4E74-8C92-1669D9DA19C5}.Debug|Any CPU.ActiveCfg = Debug|Any CPU
		{B136CEBE-5378-4E74-8C92-1669D9DA19C5}.Debug|Any CPU.Build.0 = Debug|Any CPU
		{B136CEBE-5378-4E74-8C92-1669D9DA19C5}.Release|Any CPU.ActiveCfg = Release|Any CPU
		{B136CEBE-5378-4E74-8C92-1669D9DA19C5}.Release|Any CPU.Build.0 = Release|Any CPU
		{20D8D923-0D72-4BA3-BEA7-BDA0674797AC}.Debug|Any CPU.ActiveCfg = Debug|Any CPU
		{20D8D923-0D72-4BA3-BEA7-BDA0674797AC}.Debug|Any CPU.Build.0 = Debug|Any CPU
		{20D8D923-0D72-4BA3-BEA7-BDA0674797AC}.Release|Any CPU.ActiveCfg = Release|Any CPU
		{20D8D923-0D72-4BA3-BEA7-BDA0674797AC}.Release|Any CPU.Build.0 = Release|Any CPU
		{CD13137F-755F-4E54-B173-2DFFA010E43B}.Debug|Any CPU.ActiveCfg = Debug|Any CPU
		{CD13137F-755F-4E54-B173-2DFFA010E43B}.Debug|Any CPU.Build.0 = Debug|Any CPU
		{CD13137F-755F-4E54-B173-2DFFA010E43B}.Release|Any CPU.ActiveCfg = Release|Any CPU
		{CD13137F-755F-4E54-B173-2DFFA010E43B}.Release|Any CPU.Build.0 = Release|Any CPU
		{25B1FC91-4988-4F40-9935-36FBC0F0A74A}.Debug|Any CPU.ActiveCfg = Debug|Any CPU
		{25B1FC91-4988-4F40-9935-36FBC0F0A74A}.Debug|Any CPU.Build.0 = Debug|Any CPU
		{25B1FC91-4988-4F40-9935-36FBC0F0A74A}.Release|Any CPU.ActiveCfg = Release|Any CPU
		{25B1FC91-4988-4F40-9935-36FBC0F0A74A}.Release|Any CPU.Build.0 = Release|Any CPU
	EndGlobalSection
	GlobalSection(SolutionProperties) = preSolution
		HideSolutionNode = FALSE
	EndGlobalSection
	GlobalSection(NestedProjects) = preSolution
		{B136CEBE-5378-4E74-8C92-1669D9DA19C5} = {DCD4C310-68CB-4C4C-A63B-188107926262}
		{FD7824C8-035A-40E7-AE01-A8B076EFF1BC} = {8950025B-4BA0-4902-ACAA-1765635EB8BC}
		{DCD4C310-68CB-4C4C-A63B-188107926262} = {8950025B-4BA0-4902-ACAA-1765635EB8BC}
		{5CF71F30-526F-4E52-B920-CC5A381CA1F8} = {8950025B-4BA0-4902-ACAA-1765635EB8BC}
		{20D8D923-0D72-4BA3-BEA7-BDA0674797AC} = {FD7824C8-035A-40E7-AE01-A8B076EFF1BC}
		{CD13137F-755F-4E54-B173-2DFFA010E43B} = {5CF71F30-526F-4E52-B920-CC5A381CA1F8}
		{25B1FC91-4988-4F40-9935-36FBC0F0A74A} = {FD7824C8-035A-40E7-AE01-A8B076EFF1BC}
	EndGlobalSection
	GlobalSection(ExtensibilityGlobals) = postSolution
		SolutionGuid = {161D36BF-8209-4ABC-A7EF-2D35E2CE4EEE}
	EndGlobalSection
EndGlobal
